<?xml version="1.0" encoding="utf-8"?>
<Project ToolsVersion="4.0" xmlns="http://schemas.microsoft.com/developer/msbuild/2003">
  <ItemGroup>
    <Filter Include="Code">
      <UniqueIdentifier>{93995380-89BD-4b04-88EB-625FBE52EBFB}</UniqueIdentifier>
      <Extensions>h;hh;hpp;hxx;h++;hm;inl;inc;ipp;xsd</Extensions>
    </Filter>
    <Filter Include="Code\Application">
      <UniqueIdentifier>{28222dae-db26-4f09-9eb1-a314ece26652}</UniqueIdentifier>
    </Filter>
    <Filter Include="Code\Third Party">
      <UniqueIdentifier>{97170178-fcc6-477a-9745-06e3e7752a38}</UniqueIdentifier>
    </Filter>
    <Filter Include="Code\Application\Modules">
      <UniqueIdentifier>{c99d01da-1fba-40af-a007-6a0a20e48f9c}</UniqueIdentifier>
    </Filter>
    <Filter Include="Code\Application\Modules\GameImporter">
      <UniqueIdentifier>{884acf46-b1eb-4c24-9628-45a3c34090fc}</UniqueIdentifier>
    </Filter>
    <Filter Include="Resources">
      <UniqueIdentifier>{fa12deb3-924d-4c65-8e5a-56a43d32314f}</UniqueIdentifier>
    </Filter>
    <Filter Include="Code\Application\Modules\Input">
      <UniqueIdentifier>{e8622d74-8e9e-4818-a5f2-fb627721fc93}</UniqueIdentifier>
    </Filter>
    <Filter Include="Code\Application\Helpers">
      <UniqueIdentifier>{e4da92ec-9b20-4e95-a3fb-cc0f2c848bac}</UniqueIdentifier>
    </Filter>
    <Filter Include="Code\Application\Modules\Localization">
      <UniqueIdentifier>{36cb0434-fc9a-4f40-9d80-7db0d3b7ede1}</UniqueIdentifier>
    </Filter>
    <Filter Include="Code\Application\Modules\GameLogic">
      <UniqueIdentifier>{e0b70b7f-40ed-4c1d-a498-baa13a2a820f}</UniqueIdentifier>
    </Filter>
    <Filter Include="Code\Application\Modules\GameLogic\LogicProcessors">
      <UniqueIdentifier>{1693e129-ec7f-4801-aa05-304144a01584}</UniqueIdentifier>
    </Filter>
    <Filter Include="Code\Application\Modules\GameLogic\LogicProcessors\MapNavigation">
      <UniqueIdentifier>{8acef5ca-b906-463c-966a-64bb98422ad1}</UniqueIdentifier>
    </Filter>
    <Filter Include="Code\Application\Modules\GameLogic\LogicProcessors\MapEvents">
      <UniqueIdentifier>{d3f54b73-a654-40c9-9998-72e33c74fe37}</UniqueIdentifier>
    </Filter>
    <Filter Include="Code\Application\Modules\GameLogic\LogicProcessors\VariableSaving">
      <UniqueIdentifier>{8d9c59c5-a54d-4aef-8c9a-cc4903c40ca8}</UniqueIdentifier>
    </Filter>
    <Filter Include="Code\Application\Modules\GameLogic\LogicProcessors\ChoosingLanguage">
      <UniqueIdentifier>{059e72d2-b599-42c6-85a7-eafbb25eaa45}</UniqueIdentifier>
    </Filter>
  </ItemGroup>
  <ItemGroup>
    <ClCompile Include="Main.cpp">
      <Filter>Code</Filter>
    </ClCompile>
    <ClCompile Include="Third Party\parson.c">
      <Filter>Code\Third Party</Filter>
    </ClCompile>
    <ClCompile Include="Application.cpp">
      <Filter>Code\Application</Filter>
    </ClCompile>
    <ClCompile Include="Module.cpp">
      <Filter>Code\Application\Modules</Filter>
    </ClCompile>
    <ClCompile Include="ModuleGameImporter.cpp">
      <Filter>Code\Application\Modules\GameImporter</Filter>
    </ClCompile>
    <ClCompile Include="ModuleInput.cpp">
      <Filter>Code\Application\Modules\Input</Filter>
    </ClCompile>
    <ClCompile Include="ContainerUtils.cpp">
      <Filter>Code\Application\Helpers</Filter>
    </ClCompile>
    <ClCompile Include="ModuleLocalization.cpp">
      <Filter>Code\Application\Modules\Localization</Filter>
    </ClCompile>
    <ClCompile Include="LogicProcessor.cpp">
      <Filter>Code\Application\Modules\GameLogic\LogicProcessors</Filter>
    </ClCompile>
    <ClCompile Include="MapNavigationLogic.cpp">
      <Filter>Code\Application\Modules\GameLogic\LogicProcessors\MapNavigation</Filter>
    </ClCompile>
    <ClCompile Include="MapEventsLogic.cpp">
      <Filter>Code\Application\Modules\GameLogic\LogicProcessors\MapEvents</Filter>
    </ClCompile>
    <ClCompile Include="VariableSavingLogic.cpp">
      <Filter>Code\Application\Modules\GameLogic\LogicProcessors\VariableSaving</Filter>
    </ClCompile>
    <ClCompile Include="LanguageChoosingLogic.cpp">
      <Filter>Code\Application\Modules\GameLogic\LogicProcessors\ChoosingLanguage</Filter>
    </ClCompile>
    <ClCompile Include="ModuleGameLogic.cpp">
      <Filter>Code\Application\Modules\GameLogic</Filter>
    </ClCompile>
  </ItemGroup>
  <ItemGroup>
    <ClInclude Include="Third Party\parson.h">
      <Filter>Code\Third Party</Filter>
    </ClInclude>
    <ClInclude Include="Application.h">
      <Filter>Code\Application</Filter>
    </ClInclude>
    <ClInclude Include="Module.h">
      <Filter>Code\Application\Modules</Filter>
    </ClInclude>
    <ClInclude Include="ModuleGameImporter.h">
      <Filter>Code\Application\Modules\GameImporter</Filter>
    </ClInclude>
    <ClInclude Include="ModuleInput.h">
      <Filter>Code\Application\Modules\Input</Filter>
    </ClInclude>
    <ClInclude Include="ContainerUtils.h">
      <Filter>Code\Application\Helpers</Filter>
    </ClInclude>
    <ClInclude Include="ModuleLocalization.h">
      <Filter>Code\Application\Modules\Localization</Filter>
    </ClInclude>
    <ClInclude Include="LogicProcessor.h">
      <Filter>Code\Application\Modules\GameLogic\LogicProcessors</Filter>
    </ClInclude>
    <ClInclude Include="MapNavigationLogic.h">
      <Filter>Code\Application\Modules\GameLogic\LogicProcessors\MapNavigation</Filter>
    </ClInclude>
    <ClInclude Include="MapEventsLogic.h">
      <Filter>Code\Application\Modules\GameLogic\LogicProcessors\MapEvents</Filter>
    </ClInclude>
    <ClInclude Include="VariableSavingLogic.h">
      <Filter>Code\Application\Modules\GameLogic\LogicProcessors\VariableSaving</Filter>
    </ClInclude>
    <ClInclude Include="LanguageChoosingLogic.h">
      <Filter>Code\Application\Modules\GameLogic\LogicProcessors\ChoosingLanguage</Filter>
    </ClInclude>
    <ClInclude Include="ModuleGameLogic.h">
      <Filter>Code\Application\Modules\GameLogic</Filter>
    </ClInclude>
  </ItemGroup>
  <ItemGroup>
    <None Include="Game\Game.json">
      <Filter>Resources</Filter>
    </None>
    <None Include="Game\MapEvents.json">
      <Filter>Resources</Filter>
    </None>
    <None Include="Game\Config.json">
      <Filter>Resources</Filter>
    </None>
    <None Include="Game\InitialEvent.json">
      <Filter>Resources</Filter>
    </None>
    <None Include="Game\Localization.json">
      <Filter>Resources</Filter>
    </None>
  </ItemGroup>
</Project>