<?xml version="1.0" encoding="utf-8"?>
<Project ToolsVersion="4.0" xmlns="http://schemas.microsoft.com/developer/msbuild/2003">
  <ItemGroup>
    <Filter Include="Code">
      <UniqueIdentifier>{93995380-89BD-4b04-88EB-625FBE52EBFB}</UniqueIdentifier>
      <Extensions>h;hh;hpp;hxx;h++;hm;inl;inc;ipp;xsd</Extensions>
    </Filter>
    <Filter Include="Code\Application">
      <UniqueIdentifier>{28222dae-db26-4f09-9eb1-a314ece26652}</UniqueIdentifier>
    </Filter>
    <Filter Include="Code\Third Party">
      <UniqueIdentifier>{97170178-fcc6-477a-9745-06e3e7752a38}</UniqueIdentifier>
    </Filter>
    <Filter Include="Code\Application\Modules">
      <UniqueIdentifier>{c99d01da-1fba-40af-a007-6a0a20e48f9c}</UniqueIdentifier>
    </Filter>
    <Filter Include="Code\Application\Modules\GameImporter">
      <UniqueIdentifier>{884acf46-b1eb-4c24-9628-45a3c34090fc}</UniqueIdentifier>
    </Filter>
    <Filter Include="Resources">
      <UniqueIdentifier>{fa12deb3-924d-4c65-8e5a-56a43d32314f}</UniqueIdentifier>
    </Filter>
    <Filter Include="Code\Application\Modules\Input">
      <UniqueIdentifier>{e8622d74-8e9e-4818-a5f2-fb627721fc93}</UniqueIdentifier>
    </Filter>
    <Filter Include="Code\Application\Modules\GameLogic">
      <UniqueIdentifier>{559b2b53-8b00-45ca-a1b3-a223bd94cd7b}</UniqueIdentifier>
    </Filter>
    <Filter Include="Code\Application\Helpers">
      <UniqueIdentifier>{e4da92ec-9b20-4e95-a3fb-cc0f2c848bac}</UniqueIdentifier>
    </Filter>
  </ItemGroup>
  <ItemGroup>
    <ClCompile Include="Main.cpp">
      <Filter>Code</Filter>
    </ClCompile>
    <ClCompile Include="Third Party\parson.c">
      <Filter>Code\Third Party</Filter>
    </ClCompile>
    <ClCompile Include="Application.cpp">
      <Filter>Code\Application</Filter>
    </ClCompile>
    <ClCompile Include="Module.cpp">
      <Filter>Code\Application\Modules</Filter>
    </ClCompile>
    <ClCompile Include="ModuleGameImporter.cpp">
      <Filter>Code\Application\Modules\GameImporter</Filter>
    </ClCompile>
    <ClCompile Include="ModuleInput.cpp">
      <Filter>Code\Application\Modules\Input</Filter>
    </ClCompile>
    <ClCompile Include="ModuleGameLogic.cpp">
      <Filter>Code\Application\Modules\GameLogic</Filter>
    </ClCompile>
    <ClCompile Include="ContainerUtils.cpp">
      <Filter>Code\Application\Helpers</Filter>
    </ClCompile>
  </ItemGroup>
  <ItemGroup>
    <ClInclude Include="Third Party\parson.h">
      <Filter>Code\Third Party</Filter>
    </ClInclude>
    <ClInclude Include="Application.h">
      <Filter>Code\Application</Filter>
    </ClInclude>
    <ClInclude Include="Module.h">
      <Filter>Code\Application\Modules</Filter>
    </ClInclude>
    <ClInclude Include="ModuleGameImporter.h">
      <Filter>Code\Application\Modules\GameImporter</Filter>
    </ClInclude>
    <ClInclude Include="ModuleInput.h">
      <Filter>Code\Application\Modules\Input</Filter>
    </ClInclude>
    <ClInclude Include="ModuleGameLogic.h">
      <Filter>Code\Application\Modules\GameLogic</Filter>
    </ClInclude>
    <ClInclude Include="ContainerUtils.h">
      <Filter>Code\Application\Helpers</Filter>
    </ClInclude>
  </ItemGroup>
  <ItemGroup>
    <None Include="Game\Game.json">
      <Filter>Resources</Filter>
    </None>
    <None Include="Game\MapEvents.json">
      <Filter>Resources</Filter>
    </None>
  </ItemGroup>
</Project>